PODS:
  - FontAwesome.swift (1.3.2)
  - NendSDK_iOS (4.0.1)

DEPENDENCIES:
  - FontAwesome.swift
  - NendSDK_iOS

SPEC CHECKSUMS:
  FontAwesome.swift: b4e4c8ccbbecb12f9b592bc533ff237af3706667
  NendSDK_iOS: d93a346d2bc41ee60fcb508f93e0e9dd9910c502

PODFILE CHECKSUM: c9828166adf85ad150cd8a4a1d2782e0f3c789ce

COCOAPODS: 1.2.1
