// !$*UTF8*$!
{
	archiveVersion = 1;
	classes = {
	};
	objectVersion = 46;
	objects = {

/* Begin PBXBuildFile section */
		5A06E42814225D67DFFF2C6A /* Pods_NonSmokingSupportTimer.framework in Frameworks */ = {isa = PBXBuildFile; fileRef = ED425E55C15807754308376E /* Pods_NonSmokingSupportTimer.framework */; };
		E02F9DF71FC046CE00E65048 /* TutorialViewController.swift in Sources */ = {isa = PBXBuildFile; fileRef = E02F9DF61FC046CE00E65048 /* TutorialViewController.swift */; };
		E06CDB871F370E4C00FA6B5A /* AppDelegate.swift in Sources */ = {isa = PBXBuildFile; fileRef = E06CDB861F370E4C00FA6B5A /* AppDelegate.swift */; };
		E06CDB891F370E4C00FA6B5A /* SmokingInfoViewController.swift in Sources */ = {isa = PBXBuildFile; fileRef = E06CDB881F370E4C00FA6B5A /* SmokingInfoViewController.swift */; };
		E06CDB8C1F370E4C00FA6B5A /* Main.storyboard in Resources */ = {isa = PBXBuildFile; fileRef = E06CDB8A1F370E4C00FA6B5A /* Main.storyboard */; };
		E06CDB8E1F370E4C00FA6B5A /* Assets.xcassets in Resources */ = {isa = PBXBuildFile; fileRef = E06CDB8D1F370E4C00FA6B5A /* Assets.xcassets */; };
		E06CDB911F370E4C00FA6B5A /* LaunchScreen.storyboard in Resources */ = {isa = PBXBuildFile; fileRef = E06CDB8F1F370E4C00FA6B5A /* LaunchScreen.storyboard */; };
		E08D19B01FA44C7A0093CA84 /* SettingListViewController.swift in Sources */ = {isa = PBXBuildFile; fileRef = E08D19AF1FA44C7A0093CA84 /* SettingListViewController.swift */; };
		E08D19B21FA44DC60093CA84 /* SettingListTableViewCell.swift in Sources */ = {isa = PBXBuildFile; fileRef = E08D19B11FA44DC60093CA84 /* SettingListTableViewCell.swift */; };
		E0AECE441FB8293E00A035B8 /* LocalNotificationManager.swift in Sources */ = {isa = PBXBuildFile; fileRef = E0AECE431FB8293E00A035B8 /* LocalNotificationManager.swift */; };
		E0AECE461FB82FA500A035B8 /* AppConstants.swift in Sources */ = {isa = PBXBuildFile; fileRef = E0AECE451FB82FA500A035B8 /* AppConstants.swift */; };
		E0B296741F408C24005A462F /* SettingViewController.swift in Sources */ = {isa = PBXBuildFile; fileRef = E0B296731F408C24005A462F /* SettingViewController.swift */; };
		E0EA52071FAC419200610D40 /* IntExtension.swift in Sources */ = {isa = PBXBuildFile; fileRef = E0EA52061FAC419200610D40 /* IntExtension.swift */; };
		E0F032661F89FBAE000F4B9F /* UserData.swift in Sources */ = {isa = PBXBuildFile; fileRef = E0F032651F89FBAE000F4B9F /* UserData.swift */; };
/* End PBXBuildFile section */

/* Begin PBXFileReference section */
		926DE47021B5B71148E5A286 /* Pods-NonSmokingSupportTimer.debug.xcconfig */ = {isa = PBXFileReference; includeInIndex = 1; lastKnownFileType = text.xcconfig; name = "Pods-NonSmokingSupportTimer.debug.xcconfig"; path = "Pods/Target Support Files/Pods-NonSmokingSupportTimer/Pods-NonSmokingSupportTimer.debug.xcconfig"; sourceTree = "<group>"; };
		DDC17AE6180334084F99FDCF /* Pods-NonSmokingSupportTimer.release.xcconfig */ = {isa = PBXFileReference; includeInIndex = 1; lastKnownFileType = text.xcconfig; name = "Pods-NonSmokingSupportTimer.release.xcconfig"; path = "Pods/Target Support Files/Pods-NonSmokingSupportTimer/Pods-NonSmokingSupportTimer.release.xcconfig"; sourceTree = "<group>"; };
		E02F9DF61FC046CE00E65048 /* TutorialViewController.swift */ = {isa = PBXFileReference; fileEncoding = 4; lastKnownFileType = sourcecode.swift; path = TutorialViewController.swift; sourceTree = "<group>"; };
		E06CDB831F370E4C00FA6B5A /* NonSmokingSupportTimer.app */ = {isa = PBXFileReference; explicitFileType = wrapper.application; includeInIndex = 0; path = NonSmokingSupportTimer.app; sourceTree = BUILT_PRODUCTS_DIR; };
		E06CDB861F370E4C00FA6B5A /* AppDelegate.swift */ = {isa = PBXFileReference; lastKnownFileType = sourcecode.swift; path = AppDelegate.swift; sourceTree = "<group>"; };
		E06CDB881F370E4C00FA6B5A /* SmokingInfoViewController.swift */ = {isa = PBXFileReference; lastKnownFileType = sourcecode.swift; path = SmokingInfoViewController.swift; sourceTree = "<group>"; };
		E06CDB8B1F370E4C00FA6B5A /* Base */ = {isa = PBXFileReference; lastKnownFileType = file.storyboard; name = Base; path = Base.lproj/Main.storyboard; sourceTree = "<group>"; };
		E06CDB8D1F370E4C00FA6B5A /* Assets.xcassets */ = {isa = PBXFileReference; lastKnownFileType = folder.assetcatalog; path = Assets.xcassets; sourceTree = "<group>"; };
		E06CDB901F370E4C00FA6B5A /* Base */ = {isa = PBXFileReference; lastKnownFileType = file.storyboard; name = Base; path = Base.lproj/LaunchScreen.storyboard; sourceTree = "<group>"; };
		E06CDB921F370E4C00FA6B5A /* Info.plist */ = {isa = PBXFileReference; lastKnownFileType = text.plist.xml; path = Info.plist; sourceTree = "<group>"; };
		E06CDB991F370E6B00FA6B5A /* ja */ = {isa = PBXFileReference; lastKnownFileType = text.plist.strings; name = ja; path = ja.lproj/LaunchScreen.strings; sourceTree = "<group>"; };
		E08D19AF1FA44C7A0093CA84 /* SettingListViewController.swift */ = {isa = PBXFileReference; fileEncoding = 4; lastKnownFileType = sourcecode.swift; path = SettingListViewController.swift; sourceTree = "<group>"; };
		E08D19B11FA44DC60093CA84 /* SettingListTableViewCell.swift */ = {isa = PBXFileReference; fileEncoding = 4; lastKnownFileType = sourcecode.swift; path = SettingListTableViewCell.swift; sourceTree = "<group>"; };
		E0AECE431FB8293E00A035B8 /* LocalNotificationManager.swift */ = {isa = PBXFileReference; fileEncoding = 4; lastKnownFileType = sourcecode.swift; path = LocalNotificationManager.swift; sourceTree = "<group>"; };
		E0AECE451FB82FA500A035B8 /* AppConstants.swift */ = {isa = PBXFileReference; fileEncoding = 4; lastKnownFileType = sourcecode.swift; path = AppConstants.swift; sourceTree = "<group>"; };
		E0B296731F408C24005A462F /* SettingViewController.swift */ = {isa = PBXFileReference; fileEncoding = 4; lastKnownFileType = sourcecode.swift; name = SettingViewController.swift; path = ../SettingViewController.swift; sourceTree = "<group>"; };
		E0E635831F9F926E0063C57D /* ja */ = {isa = PBXFileReference; lastKnownFileType = text.plist.strings; name = ja; path = ja.lproj/Main.strings; sourceTree = "<group>"; };
		E0EA52061FAC419200610D40 /* IntExtension.swift */ = {isa = PBXFileReference; fileEncoding = 4; lastKnownFileType = sourcecode.swift; name = IntExtension.swift; path = ../IntExtension.swift; sourceTree = "<group>"; };
		E0F032651F89FBAE000F4B9F /* UserData.swift */ = {isa = PBXFileReference; fileEncoding = 4; lastKnownFileType = sourcecode.swift; path = UserData.swift; sourceTree = "<group>"; };
		ED425E55C15807754308376E /* Pods_NonSmokingSupportTimer.framework */ = {isa = PBXFileReference; explicitFileType = wrapper.framework; includeInIndex = 0; path = Pods_NonSmokingSupportTimer.framework; sourceTree = BUILT_PRODUCTS_DIR; };
/* End PBXFileReference section */

/* Begin PBXFrameworksBuildPhase section */
		E06CDB801F370E4C00FA6B5A /* Frameworks */ = {
			isa = PBXFrameworksBuildPhase;
			buildActionMask = 2147483647;
			files = (
				5A06E42814225D67DFFF2C6A /* Pods_NonSmokingSupportTimer.framework in Frameworks */,
			);
			runOnlyForDeploymentPostprocessing = 0;
		};
/* End PBXFrameworksBuildPhase section */

/* Begin PBXGroup section */
		7813384E0B0F013F3F4055C2 /* Frameworks */ = {
			isa = PBXGroup;
			children = (
				ED425E55C15807754308376E /* Pods_NonSmokingSupportTimer.framework */,
			);
			name = Frameworks;
			sourceTree = "<group>";
		};
		E06CDB7A1F370E4C00FA6B5A = {
			isa = PBXGroup;
			children = (
				E06CDB851F370E4C00FA6B5A /* NonSmokingSupportTimer */,
				E06CDB841F370E4C00FA6B5A /* Products */,
				ED222F925ECFE3649D792842 /* Pods */,
				7813384E0B0F013F3F4055C2 /* Frameworks */,
			);
			sourceTree = "<group>";
		};
		E06CDB841F370E4C00FA6B5A /* Products */ = {
			isa = PBXGroup;
			children = (
				E06CDB831F370E4C00FA6B5A /* NonSmokingSupportTimer.app */,
			);
			name = Products;
			sourceTree = "<group>";
		};
		E06CDB851F370E4C00FA6B5A /* NonSmokingSupportTimer */ = {
			isa = PBXGroup;
			children = (
				E0AECE431FB8293E00A035B8 /* LocalNotificationManager.swift */,
				E0AECE451FB82FA500A035B8 /* AppConstants.swift */,
				E0EA52061FAC419200610D40 /* IntExtension.swift */,
				E0F032651F89FBAE000F4B9F /* UserData.swift */,
				E02F9DF61FC046CE00E65048 /* TutorialViewController.swift */,
				E0B296731F408C24005A462F /* SettingViewController.swift */,
				E06CDB861F370E4C00FA6B5A /* AppDelegate.swift */,
				E06CDB881F370E4C00FA6B5A /* SmokingInfoViewController.swift */,
				E08D19AF1FA44C7A0093CA84 /* SettingListViewController.swift */,
				E08D19B11FA44DC60093CA84 /* SettingListTableViewCell.swift */,
				E06CDB8A1F370E4C00FA6B5A /* Main.storyboard */,
				E06CDB8D1F370E4C00FA6B5A /* Assets.xcassets */,
				E06CDB8F1F370E4C00FA6B5A /* LaunchScreen.storyboard */,
				E06CDB921F370E4C00FA6B5A /* Info.plist */,
			);
			path = NonSmokingSupportTimer;
			sourceTree = "<group>";
		};
		ED222F925ECFE3649D792842 /* Pods */ = {
			isa = PBXGroup;
			children = (
				926DE47021B5B71148E5A286 /* Pods-NonSmokingSupportTimer.debug.xcconfig */,
				DDC17AE6180334084F99FDCF /* Pods-NonSmokingSupportTimer.release.xcconfig */,
			);
			name = Pods;
			sourceTree = "<group>";
		};
/* End PBXGroup section */

/* Begin PBXNativeTarget section */
		E06CDB821F370E4C00FA6B5A /* NonSmokingSupportTimer */ = {
			isa = PBXNativeTarget;
			buildConfigurationList = E06CDB951F370E4C00FA6B5A /* Build configuration list for PBXNativeTarget "NonSmokingSupportTimer" */;
			buildPhases = (
				DADE6C16D54535F96D856904 /* [CP] Check Pods Manifest.lock */,
				E06CDB7F1F370E4C00FA6B5A /* Sources */,
				E06CDB801F370E4C00FA6B5A /* Frameworks */,
				E06CDB811F370E4C00FA6B5A /* Resources */,
				37861887C50F9265753DEC88 /* [CP] Embed Pods Frameworks */,
				C6EA06BA559114DE94C00320 /* [CP] Copy Pods Resources */,
			);
			buildRules = (
			);
			dependencies = (
			);
			name = NonSmokingSupportTimer;
			productName = NonSmokingSupportTimer;
			productReference = E06CDB831F370E4C00FA6B5A /* NonSmokingSupportTimer.app */;
			productType = "com.apple.product-type.application";
		};
/* End PBXNativeTarget section */

/* Begin PBXProject section */
		E06CDB7B1F370E4C00FA6B5A /* Project object */ = {
			isa = PBXProject;
			attributes = {
				LastSwiftUpdateCheck = 0830;
				LastUpgradeCheck = 0830;
				ORGANIZATIONNAME = nomuyoshi;
				TargetAttributes = {
					E06CDB821F370E4C00FA6B5A = {
						CreatedOnToolsVersion = 8.3.3;
						DevelopmentTeam = Y9ZKTVKU78;
						ProvisioningStyle = Automatic;
					};
				};
			};
			buildConfigurationList = E06CDB7E1F370E4C00FA6B5A /* Build configuration list for PBXProject "NonSmokingSupportTimer" */;
			compatibilityVersion = "Xcode 3.2";
			developmentRegion = English;
			hasScannedForEncodings = 0;
			knownRegions = (
				Base,
				ja,
			);
			mainGroup = E06CDB7A1F370E4C00FA6B5A;
			productRefGroup = E06CDB841F370E4C00FA6B5A /* Products */;
			projectDirPath = "";
			projectRoot = "";
			targets = (
				E06CDB821F370E4C00FA6B5A /* NonSmokingSupportTimer */,
			);
		};
/* End PBXProject section */

/* Begin PBXResourcesBuildPhase section */
		E06CDB811F370E4C00FA6B5A /* Resources */ = {
			isa = PBXResourcesBuildPhase;
			buildActionMask = 2147483647;
			files = (
				E06CDB911F370E4C00FA6B5A /* LaunchScreen.storyboard in Resources */,
				E06CDB8E1F370E4C00FA6B5A /* Assets.xcassets in Resources */,
				E06CDB8C1F370E4C00FA6B5A /* Main.storyboard in Resources */,
			);
			runOnlyForDeploymentPostprocessing = 0;
		};
/* End PBXResourcesBuildPhase section */

/* Begin PBXShellScriptBuildPhase section */
		37861887C50F9265753DEC88 /* [CP] Embed Pods Frameworks */ = {
			isa = PBXShellScriptBuildPhase;
			buildActionMask = 2147483647;
			files = (
			);
			inputPaths = (
			);
			name = "[CP] Embed Pods Frameworks";
			outputPaths = (
			);
			runOnlyForDeploymentPostprocessing = 0;
			shellPath = /bin/sh;
			shellScript = "\"${SRCROOT}/Pods/Target Support Files/Pods-NonSmokingSupportTimer/Pods-NonSmokingSupportTimer-frameworks.sh\"\n";
			showEnvVarsInLog = 0;
		};
		C6EA06BA559114DE94C00320 /* [CP] Copy Pods Resources */ = {
			isa = PBXShellScriptBuildPhase;
			buildActionMask = 2147483647;
			files = (
			);
			inputPaths = (
			);
			name = "[CP] Copy Pods Resources";
			outputPaths = (
			);
			runOnlyForDeploymentPostprocessing = 0;
			shellPath = /bin/sh;
			shellScript = "\"${SRCROOT}/Pods/Target Support Files/Pods-NonSmokingSupportTimer/Pods-NonSmokingSupportTimer-resources.sh\"\n";
			showEnvVarsInLog = 0;
		};
		DADE6C16D54535F96D856904 /* [CP] Check Pods Manifest.lock */ = {
			isa = PBXShellScriptBuildPhase;
			buildActionMask = 2147483647;
			files = (
			);
			inputPaths = (
			);
			name = "[CP] Check Pods Manifest.lock";
			outputPaths = (
			);
			runOnlyForDeploymentPostprocessing = 0;
			shellPath = /bin/sh;
			shellScript = "diff \"${PODS_PODFILE_DIR_PATH}/Podfile.lock\" \"${PODS_ROOT}/Manifest.lock\" > /dev/null\nif [ $? != 0 ] ; then\n    # print error to STDERR\n    echo \"error: The sandbox is not in sync with the Podfile.lock. Run 'pod install' or update your CocoaPods installation.\" >&2\n    exit 1\nfi\n";
			showEnvVarsInLog = 0;
		};
/* End PBXShellScriptBuildPhase section */

/* Begin PBXSourcesBuildPhase section */
		E06CDB7F1F370E4C00FA6B5A /* Sources */ = {
			isa = PBXSourcesBuildPhase;
			buildActionMask = 2147483647;
			files = (
				E06CDB891F370E4C00FA6B5A /* SmokingInfoViewController.swift in Sources */,
				E08D19B01FA44C7A0093CA84 /* SettingListViewController.swift in Sources */,
				E02F9DF71FC046CE00E65048 /* TutorialViewController.swift in Sources */,
				E0AECE461FB82FA500A035B8 /* AppConstants.swift in Sources */,
				E06CDB871F370E4C00FA6B5A /* AppDelegate.swift in Sources */,
				E0F032661F89FBAE000F4B9F /* UserData.swift in Sources */,
				E0EA52071FAC419200610D40 /* IntExtension.swift in Sources */,
				E0AECE441FB8293E00A035B8 /* LocalNotificationManager.swift in Sources */,
				E0B296741F408C24005A462F /* SettingViewController.swift in Sources */,
				E08D19B21FA44DC60093CA84 /* SettingListTableViewCell.swift in Sources */,
			);
			runOnlyForDeploymentPostprocessing = 0;
		};
/* End PBXSourcesBuildPhase section */

/* Begin PBXVariantGroup section */
		E06CDB8A1F370E4C00FA6B5A /* Main.storyboard */ = {
			isa = PBXVariantGroup;
			children = (
				E06CDB8B1F370E4C00FA6B5A /* Base */,
				E0E635831F9F926E0063C57D /* ja */,
			);
			name = Main.storyboard;
			sourceTree = "<group>";
		};
		E06CDB8F1F370E4C00FA6B5A /* LaunchScreen.storyboard */ = {
			isa = PBXVariantGroup;
			children = (
				E06CDB901F370E4C00FA6B5A /* Base */,
				E06CDB991F370E6B00FA6B5A /* ja */,
			);
			name = LaunchScreen.storyboard;
			sourceTree = "<group>";
		};
/* End PBXVariantGroup section */

/* Begin XCBuildConfiguration section */
		E06CDB931F370E4C00FA6B5A /* Debug */ = {
			isa = XCBuildConfiguration;
			buildSettings = {
				ALWAYS_SEARCH_USER_PATHS = NO;
				CLANG_ANALYZER_LOCALIZABILITY_NONLOCALIZED = YES;
				CLANG_ANALYZER_NONNULL = YES;
				CLANG_ANALYZER_NUMBER_OBJECT_CONVERSION = YES_AGGRESSIVE;
				CLANG_CXX_LANGUAGE_STANDARD = "gnu++0x";
				CLANG_CXX_LIBRARY = "libc++";
				CLANG_ENABLE_MODULES = YES;
				CLANG_ENABLE_OBJC_ARC = YES;
				CLANG_WARN_BOOL_CONVERSION = YES;
				CLANG_WARN_CONSTANT_CONVERSION = YES;
				CLANG_WARN_DIRECT_OBJC_ISA_USAGE = YES_ERROR;
				CLANG_WARN_DOCUMENTATION_COMMENTS = YES;
				CLANG_WARN_EMPTY_BODY = YES;
				CLANG_WARN_ENUM_CONVERSION = YES;
				CLANG_WARN_INFINITE_RECURSION = YES;
				CLANG_WARN_INT_CONVERSION = YES;
				CLANG_WARN_OBJC_ROOT_CLASS = YES_ERROR;
				CLANG_WARN_SUSPICIOUS_MOVE = YES;
				CLANG_WARN_UNREACHABLE_CODE = YES;
				CLANG_WARN__DUPLICATE_METHOD_MATCH = YES;
				"CODE_SIGN_IDENTITY[sdk=iphoneos*]" = "iPhone Developer";
				COPY_PHASE_STRIP = NO;
				DEBUG_INFORMATION_FORMAT = dwarf;
				ENABLE_STRICT_OBJC_MSGSEND = YES;
				ENABLE_TESTABILITY = YES;
				GCC_C_LANGUAGE_STANDARD = gnu99;
				GCC_DYNAMIC_NO_PIC = NO;
				GCC_NO_COMMON_BLOCKS = YES;
				GCC_OPTIMIZATION_LEVEL = 0;
				GCC_PREPROCESSOR_DEFINITIONS = (
					"DEBUG=1",
					"$(inherited)",
				);
				GCC_WARN_64_TO_32_BIT_CONVERSION = YES;
				GCC_WARN_ABOUT_RETURN_TYPE = YES_ERROR;
				GCC_WARN_UNDECLARED_SELECTOR = YES;
				GCC_WARN_UNINITIALIZED_AUTOS = YES_AGGRESSIVE;
				GCC_WARN_UNUSED_FUNCTION = YES;
				GCC_WARN_UNUSED_VARIABLE = YES;
				IPHONEOS_DEPLOYMENT_TARGET = 10.3;
				MTL_ENABLE_DEBUG_INFO = YES;
				ONLY_ACTIVE_ARCH = YES;
				SDKROOT = iphoneos;
				SWIFT_ACTIVE_COMPILATION_CONDITIONS = DEBUG;
				SWIFT_OPTIMIZATION_LEVEL = "-Onone";
			};
			name = Debug;
		};
		E06CDB941F370E4C00FA6B5A /* Release */ = {
			isa = XCBuildConfiguration;
			buildSettings = {
				ALWAYS_SEARCH_USER_PATHS = NO;
				CLANG_ANALYZER_LOCALIZABILITY_NONLOCALIZED = YES;
				CLANG_ANALYZER_NONNULL = YES;
				CLANG_ANALYZER_NUMBER_OBJECT_CONVERSION = YES_AGGRESSIVE;
				CLANG_CXX_LANGUAGE_STANDARD = "gnu++0x";
				CLANG_CXX_LIBRARY = "libc++";
				CLANG_ENABLE_MODULES = YES;
				CLANG_ENABLE_OBJC_ARC = YES;
				CLANG_WARN_BOOL_CONVERSION = YES;
				CLANG_WARN_CONSTANT_CONVERSION = YES;
				CLANG_WARN_DIRECT_OBJC_ISA_USAGE = YES_ERROR;
				CLANG_WARN_DOCUMENTATION_COMMENTS = YES;
				CLANG_WARN_EMPTY_BODY = YES;
				CLANG_WARN_ENUM_CONVERSION = YES;
				CLANG_WARN_INFINITE_RECURSION = YES;
				CLANG_WARN_INT_CONVERSION = YES;
				CLANG_WARN_OBJC_ROOT_CLASS = YES_ERROR;
				CLANG_WARN_SUSPICIOUS_MOVE = YES;
				CLANG_WARN_UNREACHABLE_CODE = YES;
				CLANG_WARN__DUPLICATE_METHOD_MATCH = YES;
				"CODE_SIGN_IDENTITY[sdk=iphoneos*]" = "iPhone Developer";
				COPY_PHASE_STRIP = NO;
				DEBUG_INFORMATION_FORMAT = "dwarf-with-dsym";
				ENABLE_NS_ASSERTIONS = NO;
				ENABLE_STRICT_OBJC_MSGSEND = YES;
				GCC_C_LANGUAGE_STANDARD = gnu99;
				GCC_NO_COMMON_BLOCKS = YES;
				GCC_WARN_64_TO_32_BIT_CONVERSION = YES;
				GCC_WARN_ABOUT_RETURN_TYPE = YES_ERROR;
				GCC_WARN_UNDECLARED_SELECTOR = YES;
				GCC_WARN_UNINITIALIZED_AUTOS = YES_AGGRESSIVE;
				GCC_WARN_UNUSED_FUNCTION = YES;
				GCC_WARN_UNUSED_VARIABLE = YES;
				IPHONEOS_DEPLOYMENT_TARGET = 10.3;
				MTL_ENABLE_DEBUG_INFO = NO;
				SDKROOT = iphoneos;
				SWIFT_OPTIMIZATION_LEVEL = "-Owholemodule";
				VALIDATE_PRODUCT = YES;
			};
			name = Release;
		};
		E06CDB961F370E4C00FA6B5A /* Debug */ = {
			isa = XCBuildConfiguration;
			baseConfigurationReference = 926DE47021B5B71148E5A286 /* Pods-NonSmokingSupportTimer.debug.xcconfig */;
			buildSettings = {
				ASSETCATALOG_COMPILER_APPICON_NAME = AppIcon;
				DEVELOPMENT_TEAM = Y9ZKTVKU78;
				INFOPLIST_FILE = NonSmokingSupportTimer/Info.plist;
				IPHONEOS_DEPLOYMENT_TARGET = 10.0;
				LD_RUNPATH_SEARCH_PATHS = "$(inherited) @executable_path/Frameworks";
				PRODUCT_BUNDLE_IDENTIFIER = com.nomuyoshi.NonSmokingSupportTimer;
				PRODUCT_NAME = "$(TARGET_NAME)";
				SWIFT_VERSION = 3.0;
				TARGETED_DEVICE_FAMILY = 1;
			};
			name = Debug;
		};
		E06CDB971F370E4C00FA6B5A /* Release */ = {
			isa = XCBuildConfiguration;
			baseConfigurationReference = DDC17AE6180334084F99FDCF /* Pods-NonSmokingSupportTimer.release.xcconfig */;
			buildSettings = {
				ASSETCATALOG_COMPILER_APPICON_NAME = AppIcon;
				DEVELOPMENT_TEAM = Y9ZKTVKU78;
				INFOPLIST_FILE = NonSmokingSupportTimer/Info.plist;
				IPHONEOS_DEPLOYMENT_TARGET = 10.0;
				LD_RUNPATH_SEARCH_PATHS = "$(inherited) @executable_path/Frameworks";
				PRODUCT_BUNDLE_IDENTIFIER = com.nomuyoshi.NonSmokingSupportTimer;
				PRODUCT_NAME = "$(TARGET_NAME)";
				SWIFT_VERSION = 3.0;
				TARGETED_DEVICE_FAMILY = 1;
			};
			name = Release;
		};
/* End XCBuildConfiguration section */

/* Begin XCConfigurationList section */
		E06CDB7E1F370E4C00FA6B5A /* Build configuration list for PBXProject "NonSmokingSupportTimer" */ = {
			isa = XCConfigurationList;
			buildConfigurations = (
				E06CDB931F370E4C00FA6B5A /* Debug */,
				E06CDB941F370E4C00FA6B5A /* Release */,
			);
			defaultConfigurationIsVisible = 0;
			defaultConfigurationName = Release;
		};
		E06CDB951F370E4C00FA6B5A /* Build configuration list for PBXNativeTarget "NonSmokingSupportTimer" */ = {
			isa = XCConfigurationList;
			buildConfigurations = (
				E06CDB961F370E4C00FA6B5A /* Debug */,
				E06CDB971F370E4C00FA6B5A /* Release */,
			);
			defaultConfigurationIsVisible = 0;
			defaultConfigurationName = Release;
		};
/* End XCConfigurationList section */
	};
	rootObject = E06CDB7B1F370E4C00FA6B5A /* Project object */;
}
